# This file is automatically @generated by Cargo.
# It is not intended for manual editing.
version = 4

[[package]]
name = "aml_core"
version = "0.1.0"

[[package]]
name = "i2c_hid"
version = "0.15.0"
dependencies = [
 "aml_core",
 "i2c_hid_core",
]

[[package]]
name = "i2c_hid_core"
version = "0.1.0"
dependencies = [
 "aml_core",
]
